github.com/davecgh/go-spew v1.1.0/go.mod h1:J7Y8YcW2NihsgmVo/mv3lAwl/skON4iLHjSsI+c5H38=
github.com/jayalane/go-counter v0.0.0-20200725010152-dee2e4c30f4f h1:8hDwCelo+xNx4lkWiY6/Sdm/5TE4pmj5fnq2bzk9GpI=
github.com/jayalane/go-counter v0.0.0-20200725010152-dee2e4c30f4f/go.mod h1:wpSOTnt+kC7S2CZHm6cAwaIA8L3zYEMaicEXg9AnI8A=
github.com/jayalane/go-lll v0.0.0-20210226204815-a749db371ada h1:dff3xp2Yxqn9rcqwynK8qHq9+oaEw1qwt77KLk7RikY=
github.com/jayalane/go-lll v0.0.0-20210226204815-a749db371ada/go.mod h1:3N1QLl25lgCqNd1nfjG+K5bSYCVbEzlaWHixzl7Sxdc=
github.com/jayalane/go-tinyconfig v0.0.0-20190322222019-6686e8e45220 h1:Er+o6b1vEwUcersw5Tm1SPRHbKrNs6I8K1ZoTjDZ1uE=
github.com/jayalane/go-tinyconfig v0.0.0-20190322222019-6686e8e45220/go.mod h1:To7/Wkt2vnh8ZC1mcRu0XB2Z4YCk+bRpHLdAn9DwZMw=
github.com/lestrrat-go/envload v0.0.0-20180220234015-a3eb8ddeffcc/go.mod h1:kopuH9ugFRkIXf3YoqHKyrJ9YfUFsckUU9S7B+XP+is=
github.com/lestrrat-go/file-rotatelogs v2.4.0+incompatible h1:Y6sqxHMyB1D2YSzWkLibYKgg+SwmyFU9dF2hn6MdTj4=
github.com/lestrrat-go/file-rotatelogs v2.4.0+incompatible/go.mod h1:ZQnN8lSECaebrkQytbHj4xNgtg8CR7RYXnPok8e0EHA=
github.com/lestrrat-go/strftime v1.0.4 h1:T1Rb9EPkAhgxKqbcMIPguPq8glqXTA1koF8n9BHElA8=
github.com/lestrrat-go/strftime v1.0.4/go.mod h1:E1nN3pCbtMSu1yjSVeyuRFVm/U0xoR76fd03sz+Qz4g=
github.com/paultag/sniff v0.0.0-20200207005214-cf7e4d167732 h1:nkseUkzjazCNyGhkRwnJ1OiHSwMXazsJQx+Ci+oVLEM=
github.com/paultag/sniff v0.0.0-20200207005214-cf7e4d167732/go.mod h1:J3XXNGJINXLa4yIivdUT0Ad/srv2q0pSOWbbm6El2EY=
github.com/pkg/errors v0.8.1/go.mod h1:bwawxfHBFNV+L2hUp1rHADufV3IMtnDRdf1r5NINEl0=
github.com/pkg/errors v0.9.1 h1:FEBLx1zS214owpjy7qsBeixbURkuhQAwrK5UwLGTwt4=
github.com/pkg/errors v0.9.1/go.mod h1:bwawxfHBFNV+L2hUp1rHADufV3IMtnDRdf1r5NINEl0=
github.com/pmezard/go-difflib v1.0.0/go.mod h1:iKH77koFhYxTK1pcRnkKkqfTogsbg7gZNVY4sRDYZ/4=
github.com/stretchr/objx v0.1.0/go.mod h1:HFkY916IF+rwdDfMAkV7OtwuqBVzrE8GR6GFx+wExME=
github.com/stretchr/testify v1.3.0/go.mod h1:M5WIy9Dh21IEIfnGCwXGc5bZfKNJtfHm1UVUgZn+9EI=
